{
  "name": "random-terminal-message",
  "version": "1.0.0",
  "lockfileVersion": 3,
  "requires": true,
  "packages": {
    "": {
      "name": "random-terminal-message",
      "version": "1.0.0",
      "license": "MIT",
      "bin": {
        "random-terminal-message": "bin/global.js"
      }
    }
  }
}
